
Microsoft Visual Studio Solution File, Format Version 12.00
# Visual Studio Version 17
VisualStudioVersion = 17.9.34902.65
MinimumVisualStudioVersion = 10.0.40219.1
Project("{FAE04EC0-301F-11D3-BF4B-00C04F79EFBC}") = "HelloWorld", "HelloWorld.csproj", "{A9161B6A-A7DD-45F6-B138-0973F676FA86}"
EndProject
Global
	GlobalSection(SolutionConfigurationPlatforms) = preSolution
		Debug|Any CPU = Debug|Any CPU
		Release|Any CPU = Release|Any CPU
	EndGlobalSection
	GlobalSection(ProjectConfigurationPlatforms) = postSolution
		{A9161B6A-A7DD-45F6-B138-0973F676FA86}.Debug|Any CPU.ActiveCfg = Debug|Any CPU
		{A9161B6A-A7DD-45F6-B138-0973F676FA86}.Debug|Any CPU.Build.0 = Debug|Any CPU
		{A9161B6A-A7DD-45F6-B138-0973F676FA86}.Release|Any CPU.ActiveCfg = Release|Any CPU
		{A9161B6A-A7DD-45F6-B138-0973F676FA86}.Release|Any CPU.Build.0 = Release|Any CPU
	EndGlobalSection
	GlobalSection(SolutionProperties) = preSolution
		HideSolutionNode = FALSE
	EndGlobalSection
	GlobalSection(ExtensibilityGlobals) = postSolution
		SolutionGuid = {6B31F87A-4266-4C26-8022-9D503A042D7F}
	EndGlobalSection
EndGlobal
